// !$*UTF8*$!
{
	archiveVersion = 1;
	classes = {
	};
	objectVersion = 46;
	objects = {

/* Begin PBXBuildFile section */
		A16665041EBADD65000F67DF /* AppDelegate.swift in Sources */ = {isa = PBXBuildFile; fileRef = A16665031EBADD65000F67DF /* AppDelegate.swift */; };
		A16665061EBADD65000F67DF /* ViewController.swift in Sources */ = {isa = PBXBuildFile; fileRef = A16665051EBADD65000F67DF /* ViewController.swift */; };
		A16665091EBADD65000F67DF /* Main.storyboard in Resources */ = {isa = PBXBuildFile; fileRef = A16665071EBADD65000F67DF /* Main.storyboard */; };
		A166650B1EBADD65000F67DF /* Assets.xcassets in Resources */ = {isa = PBXBuildFile; fileRef = A166650A1EBADD65000F67DF /* Assets.xcassets */; };
		A166650E1EBADD65000F67DF /* LaunchScreen.storyboard in Resources */ = {isa = PBXBuildFile; fileRef = A166650C1EBADD65000F67DF /* LaunchScreen.storyboard */; };
		A16665191EBADD67000F67DF /* TestTests.swift in Sources */ = {isa = PBXBuildFile; fileRef = A16665181EBADD67000F67DF /* TestTests.swift */; };
		A16665241EBADD67000F67DF /* TestUITests.swift in Sources */ = {isa = PBXBuildFile; fileRef = A16665231EBADD67000F67DF /* TestUITests.swift */; };
/* End PBXBuildFile section */

/* Begin PBXContainerItemProxy section */
		A16665151EBADD67000F67DF /* PBXContainerItemProxy */ = {
			isa = PBXContainerItemProxy;
			containerPortal = A16664F81EBADD64000F67DF /* Project object */;
			proxyType = 1;
			remoteGlobalIDString = A16664FF1EBADD64000F67DF;
			remoteInfo = Test;
		};
		A16665201EBADD67000F67DF /* PBXContainerItemProxy */ = {
			isa = PBXContainerItemProxy;
			containerPortal = A16664F81EBADD64000F67DF /* Project object */;
			proxyType = 1;
			remoteGlobalIDString = A16664FF1EBADD64000F67DF;
			remoteInfo = Test;
		};
/* End PBXContainerItemProxy section */

/* Begin PBXFileReference section */
		A16665001EBADD65000F67DF /* Test.app */ = {isa = PBXFileReference; explicitFileType = wrapper.application; includeInIndex = 0; path = Test.app; sourceTree = BUILT_PRODUCTS_DIR; };
		A16665031EBADD65000F67DF /* AppDelegate.swift */ = {isa = PBXFileReference; lastKnownFileType = sourcecode.swift; path = AppDelegate.swift; sourceTree = "<group>"; };
		A16665051EBADD65000F67DF /* ViewController.swift */ = {isa = PBXFileReference; lastKnownFileType = sourcecode.swift; path = ViewController.swift; sourceTree = "<group>"; };
		A16665081EBADD65000F67DF /* Base */ = {isa = PBXFileReference; lastKnownFileType = file.storyboard; name = Base; path = Base.lproj/Main.storyboard; sourceTree = "<group>"; };
		A166650A1EBADD65000F67DF /* Assets.xcassets */ = {isa = PBXFileReference; lastKnownFileType = folder.assetcatalog; path = Assets.xcassets; sourceTree = "<group>"; };
		A166650D1EBADD65000F67DF /* Base */ = {isa = PBXFileReference; lastKnownFileType = file.storyboard; name = Base; path = Base.lproj/LaunchScreen.storyboard; sourceTree = "<group>"; };
		A166650F1EBADD65000F67DF /* Info.plist */ = {isa = PBXFileReference; lastKnownFileType = text.plist.xml; path = Info.plist; sourceTree = "<group>"; };
		A16665141EBADD67000F67DF /* TestTests.xctest */ = {isa = PBXFileReference; explicitFileType = wrapper.cfbundle; includeInIndex = 0; path = TestTests.xctest; sourceTree = BUILT_PRODUCTS_DIR; };
		A16665181EBADD67000F67DF /* TestTests.swift */ = {isa = PBXFileReference; lastKnownFileType = sourcecode.swift; path = TestTests.swift; sourceTree = "<group>"; };
		A166651A1EBADD67000F67DF /* Info.plist */ = {isa = PBXFileReference; lastKnownFileType = text.plist.xml; path = Info.plist; sourceTree = "<group>"; };
		A166651F1EBADD67000F67DF /* TestUITests.xctest */ = {isa = PBXFileReference; explicitFileType = wrapper.cfbundle; includeInIndex = 0; path = TestUITests.xctest; sourceTree = BUILT_PRODUCTS_DIR; };
		A16665231EBADD67000F67DF /* TestUITests.swift */ = {isa = PBXFileReference; lastKnownFileType = sourcecode.swift; path = TestUITests.swift; sourceTree = "<group>"; };
		A16665251EBADD67000F67DF /* Info.plist */ = {isa = PBXFileReference; lastKnownFileType = text.plist.xml; path = Info.plist; sourceTree = "<group>"; };
/* End PBXFileReference section */

/* Begin PBXFrameworksBuildPhase section */
		A16664FD1EBADD64000F67DF /* Frameworks */ = {
			isa = PBXFrameworksBuildPhase;
			buildActionMask = 2147483647;
			files = (
			);
			runOnlyForDeploymentPostprocessing = 0;
		};
		A16665111EBADD67000F67DF /* Frameworks */ = {
			isa = PBXFrameworksBuildPhase;
			buildActionMask = 2147483647;
			files = (
			);
			runOnlyForDeploymentPostprocessing = 0;
		};
		A166651C1EBADD67000F67DF /* Frameworks */ = {
			isa = PBXFrameworksBuildPhase;
			buildActionMask = 2147483647;
			files = (
			);
			runOnlyForDeploymentPostprocessing = 0;
		};
/* End PBXFrameworksBuildPhase section */

/* Begin PBXGroup section */
		A16664F71EBADD64000F67DF = {
			isa = PBXGroup;
			children = (
				A16665021EBADD65000F67DF /* Test */,
				A16665171EBADD67000F67DF /* TestTests */,
				A16665221EBADD67000F67DF /* TestUITests */,
				A16665011EBADD65000F67DF /* Products */,
			);
			sourceTree = "<group>";
		};
		A16665011EBADD65000F67DF /* Products */ = {
			isa = PBXGroup;
			children = (
				A16665001EBADD65000F67DF /* Test.app */,
				A16665141EBADD67000F67DF /* TestTests.xctest */,
				A166651F1EBADD67000F67DF /* TestUITests.xctest */,
			);
			name = Products;
			sourceTree = "<group>";
		};
		A16665021EBADD65000F67DF /* Test */ = {
			isa = PBXGroup;
			children = (
				A16665031EBADD65000F67DF /* AppDelegate.swift */,
				A16665051EBADD65000F67DF /* ViewController.swift */,
				A16665071EBADD65000F67DF /* Main.storyboard */,
				A166650A1EBADD65000F67DF /* Assets.xcassets */,
				A166650C1EBADD65000F67DF /* LaunchScreen.storyboard */,
				A166650F1EBADD65000F67DF /* Info.plist */,
			);
			path = Test;
			sourceTree = "<group>";
		};
		A16665171EBADD67000F67DF /* TestTests */ = {
			isa = PBXGroup;
			children = (
				A16665181EBADD67000F67DF /* TestTests.swift */,
				A166651A1EBADD67000F67DF /* Info.plist */,
			);
			path = TestTests;
			sourceTree = "<group>";
		};
		A16665221EBADD67000F67DF /* TestUITests */ = {
			isa = PBXGroup;
			children = (
				A16665231EBADD67000F67DF /* TestUITests.swift */,
				A16665251EBADD67000F67DF /* Info.plist */,
			);
			path = TestUITests;
			sourceTree = "<group>";
		};
/* End PBXGroup section */

/* Begin PBXNativeTarget section */
		A16664FF1EBADD64000F67DF /* Test */ = {
			isa = PBXNativeTarget;
			buildConfigurationList = A16665281EBADD67000F67DF /* Build configuration list for PBXNativeTarget "Test" */;
			buildPhases = (
				A16664FC1EBADD64000F67DF /* Sources */,
				A16664FD1EBADD64000F67DF /* Frameworks */,
				A16664FE1EBADD64000F67DF /* Resources */,
			);
			buildRules = (
			);
			dependencies = (
			);
			name = Test;
			productName = Test;
			productReference = A16665001EBADD65000F67DF /* Test.app */;
			productType = "com.apple.product-type.application";
		};
		A16665131EBADD67000F67DF /* TestTests */ = {
			isa = PBXNativeTarget;
			buildConfigurationList = A166652B1EBADD67000F67DF /* Build configuration list for PBXNativeTarget "TestTests" */;
			buildPhases = (
				A16665101EBADD67000F67DF /* Sources */,
				A16665111EBADD67000F67DF /* Frameworks */,
				A16665121EBADD67000F67DF /* Resources */,
			);
			buildRules = (
			);
			dependencies = (
				A16665161EBADD67000F67DF /* PBXTargetDependency */,
			);
			name = TestTests;
			productName = TestTests;
			productReference = A16665141EBADD67000F67DF /* TestTests.xctest */;
			productType = "com.apple.product-type.bundle.unit-test";
		};
		A166651E1EBADD67000F67DF /* TestUITests */ = {
			isa = PBXNativeTarget;
			buildConfigurationList = A166652E1EBADD67000F67DF /* Build configuration list for PBXNativeTarget "TestUITests" */;
			buildPhases = (
				A166651B1EBADD67000F67DF /* Sources */,
				A166651C1EBADD67000F67DF /* Frameworks */,
				A166651D1EBADD67000F67DF /* Resources */,
			);
			buildRules = (
			);
			dependencies = (
				A16665211EBADD67000F67DF /* PBXTargetDependency */,
			);
			name = TestUITests;
			productName = TestUITests;
			productReference = A166651F1EBADD67000F67DF /* TestUITests.xctest */;
			productType = "com.apple.product-type.bundle.ui-testing";
		};
/* End PBXNativeTarget section */

/* Begin PBXProject section */
		A16664F81EBADD64000F67DF /* Project object */ = {
			isa = PBXProject;
			attributes = {
				LastSwiftUpdateCheck = 0830;
				LastUpgradeCheck = 0830;
				ORGANIZATIONNAME = "鹿野壮";
				TargetAttributes = {
					A16664FF1EBADD64000F67DF = {
						CreatedOnToolsVersion = 8.3.2;
						ProvisioningStyle = Automatic;
					};
					A16665131EBADD67000F67DF = {
						CreatedOnToolsVersion = 8.3.2;
						ProvisioningStyle = Automatic;
						TestTargetID = A16664FF1EBADD64000F67DF;
					};
					A166651E1EBADD67000F67DF = {
						CreatedOnToolsVersion = 8.3.2;
						ProvisioningStyle = Automatic;
						TestTargetID = A16664FF1EBADD64000F67DF;
					};
				};
			};
			buildConfigurationList = A16664FB1EBADD64000F67DF /* Build configuration list for PBXProject "Test" */;
			compatibilityVersion = "Xcode 3.2";
			developmentRegion = English;
			hasScannedForEncodings = 0;
			knownRegions = (
				en,
				Base,
			);
			mainGroup = A16664F71EBADD64000F67DF;
			productRefGroup = A16665011EBADD65000F67DF /* Products */;
			projectDirPath = "";
			projectRoot = "";
			targets = (
				A16664FF1EBADD64000F67DF /* Test */,
				A16665131EBADD67000F67DF /* TestTests */,
				A166651E1EBADD67000F67DF /* TestUITests */,
			);
		};
/* End PBXProject section */

/* Begin PBXResourcesBuildPhase section */
		A16664FE1EBADD64000F67DF /* Resources */ = {
			isa = PBXResourcesBuildPhase;
			buildActionMask = 2147483647;
			files = (
				A166650E1EBADD65000F67DF /* LaunchScreen.storyboard in Resources */,
				A166650B1EBADD65000F67DF /* Assets.xcassets in Resources */,
				A16665091EBADD65000F67DF /* Main.storyboard in Resources */,
			);
			runOnlyForDeploymentPostprocessing = 0;
		};
		A16665121EBADD67000F67DF /* Resources */ = {
			isa = PBXResourcesBuildPhase;
			buildActionMask = 2147483647;
			files = (
			);
			runOnlyForDeploymentPostprocessing = 0;
		};
		A166651D1EBADD67000F67DF /* Resources */ = {
			isa = PBXResourcesBuildPhase;
			buildActionMask = 2147483647;
			files = (
			);
			runOnlyForDeploymentPostprocessing = 0;
		};
/* End PBXResourcesBuildPhase section */

/* Begin PBXSourcesBuildPhase section */
		A16664FC1EBADD64000F67DF /* Sources */ = {
			isa = PBXSourcesBuildPhase;
			buildActionMask = 2147483647;
			files = (
				A16665061EBADD65000F67DF /* ViewController.swift in Sources */,
				A16665041EBADD65000F67DF /* AppDelegate.swift in Sources */,
			);
			runOnlyForDeploymentPostprocessing = 0;
		};
		A16665101EBADD67000F67DF /* Sources */ = {
			isa = PBXSourcesBuildPhase;
			buildActionMask = 2147483647;
			files = (
				A16665191EBADD67000F67DF /* TestTests.swift in Sources */,
			);
			runOnlyForDeploymentPostprocessing = 0;
		};
		A166651B1EBADD67000F67DF /* Sources */ = {
			isa = PBXSourcesBuildPhase;
			buildActionMask = 2147483647;
			files = (
				A16665241EBADD67000F67DF /* TestUITests.swift in Sources */,
			);
			runOnlyForDeploymentPostprocessing = 0;
		};
/* End PBXSourcesBuildPhase section */

/* Begin PBXTargetDependency section */
		A16665161EBADD67000F67DF /* PBXTargetDependency */ = {
			isa = PBXTargetDependency;
			target = A16664FF1EBADD64000F67DF /* Test */;
			targetProxy = A16665151EBADD67000F67DF /* PBXContainerItemProxy */;
		};
		A16665211EBADD67000F67DF /* PBXTargetDependency */ = {
			isa = PBXTargetDependency;
			target = A16664FF1EBADD64000F67DF /* Test */;
			targetProxy = A16665201EBADD67000F67DF /* PBXContainerItemProxy */;
		};
/* End PBXTargetDependency section */

/* Begin PBXVariantGroup section */
		A16665071EBADD65000F67DF /* Main.storyboard */ = {
			isa = PBXVariantGroup;
			children = (
				A16665081EBADD65000F67DF /* Base */,
			);
			name = Main.storyboard;
			sourceTree = "<group>";
		};
		A166650C1EBADD65000F67DF /* LaunchScreen.storyboard */ = {
			isa = PBXVariantGroup;
			children = (
				A166650D1EBADD65000F67DF /* Base */,
			);
			name = LaunchScreen.storyboard;
			sourceTree = "<group>";
		};
/* End PBXVariantGroup section */

/* Begin XCBuildConfiguration section */
		A16665261EBADD67000F67DF /* Debug */ = {
			isa = XCBuildConfiguration;
			buildSettings = {
				ALWAYS_SEARCH_USER_PATHS = NO;
				CLANG_ANALYZER_NONNULL = YES;
				CLANG_ANALYZER_NUMBER_OBJECT_CONVERSION = YES_AGGRESSIVE;
				CLANG_CXX_LANGUAGE_STANDARD = "gnu++0x";
				CLANG_CXX_LIBRARY = "libc++";
				CLANG_ENABLE_MODULES = YES;
				CLANG_ENABLE_OBJC_ARC = YES;
				CLANG_WARN_BOOL_CONVERSION = YES;
				CLANG_WARN_CONSTANT_CONVERSION = YES;
				CLANG_WARN_DIRECT_OBJC_ISA_USAGE = YES_ERROR;
				CLANG_WARN_DOCUMENTATION_COMMENTS = YES;
				CLANG_WARN_EMPTY_BODY = YES;
				CLANG_WARN_ENUM_CONVERSION = YES;
				CLANG_WARN_INFINITE_RECURSION = YES;
				CLANG_WARN_INT_CONVERSION = YES;
				CLANG_WARN_OBJC_ROOT_CLASS = YES_ERROR;
				CLANG_WARN_SUSPICIOUS_MOVE = YES;
				CLANG_WARN_UNREACHABLE_CODE = YES;
				CLANG_WARN__DUPLICATE_METHOD_MATCH = YES;
				"CODE_SIGN_IDENTITY[sdk=iphoneos*]" = "iPhone Developer";
				COPY_PHASE_STRIP = NO;
				DEBUG_INFORMATION_FORMAT = dwarf;
				ENABLE_STRICT_OBJC_MSGSEND = YES;
				ENABLE_TESTABILITY = YES;
				GCC_C_LANGUAGE_STANDARD = gnu99;
				GCC_DYNAMIC_NO_PIC = NO;
				GCC_NO_COMMON_BLOCKS = YES;
				GCC_OPTIMIZATION_LEVEL = 0;
				GCC_PREPROCESSOR_DEFINITIONS = (
					"DEBUG=1",
					"$(inherited)",
				);
				GCC_WARN_64_TO_32_BIT_CONVERSION = YES;
				GCC_WARN_ABOUT_RETURN_TYPE = YES_ERROR;
				GCC_WARN_UNDECLARED_SELECTOR = YES;
				GCC_WARN_UNINITIALIZED_AUTOS = YES_AGGRESSIVE;
				GCC_WARN_UNUSED_FUNCTION = YES;
				GCC_WARN_UNUSED_VARIABLE = YES;
				IPHONEOS_DEPLOYMENT_TARGET = 10.3;
				MTL_ENABLE_DEBUG_INFO = YES;
				ONLY_ACTIVE_ARCH = YES;
				SDKROOT = iphoneos;
				SWIFT_ACTIVE_COMPILATION_CONDITIONS = DEBUG;
				SWIFT_OPTIMIZATION_LEVEL = "-Onone";
				TARGETED_DEVICE_FAMILY = "1,2";
			};
			name = Debug;
		};
		A16665271EBADD67000F67DF /* Release */ = {
			isa = XCBuildConfiguration;
			buildSettings = {
				ALWAYS_SEARCH_USER_PATHS = NO;
				CLANG_ANALYZER_NONNULL = YES;
				CLANG_ANALYZER_NUMBER_OBJECT_CONVERSION = YES_AGGRESSIVE;
				CLANG_CXX_LANGUAGE_STANDARD = "gnu++0x";
				CLANG_CXX_LIBRARY = "libc++";
				CLANG_ENABLE_MODULES = YES;
				CLANG_ENABLE_OBJC_ARC = YES;
				CLANG_WARN_BOOL_CONVERSION = YES;
				CLANG_WARN_CONSTANT_CONVERSION = YES;
				CLANG_WARN_DIRECT_OBJC_ISA_USAGE = YES_ERROR;
				CLANG_WARN_DOCUMENTATION_COMMENTS = YES;
				CLANG_WARN_EMPTY_BODY = YES;
				CLANG_WARN_ENUM_CONVERSION = YES;
				CLANG_WARN_INFINITE_RECURSION = YES;
				CLANG_WARN_INT_CONVERSION = YES;
				CLANG_WARN_OBJC_ROOT_CLASS = YES_ERROR;
				CLANG_WARN_SUSPICIOUS_MOVE = YES;
				CLANG_WARN_UNREACHABLE_CODE = YES;
				CLANG_WARN__DUPLICATE_METHOD_MATCH = YES;
				"CODE_SIGN_IDENTITY[sdk=iphoneos*]" = "iPhone Developer";
				COPY_PHASE_STRIP = NO;
				DEBUG_INFORMATION_FORMAT = "dwarf-with-dsym";
				ENABLE_NS_ASSERTIONS = NO;
				ENABLE_STRICT_OBJC_MSGSEND = YES;
				GCC_C_LANGUAGE_STANDARD = gnu99;
				GCC_NO_COMMON_BLOCKS = YES;
				GCC_WARN_64_TO_32_BIT_CONVERSION = YES;
				GCC_WARN_ABOUT_RETURN_TYPE = YES_ERROR;
				GCC_WARN_UNDECLARED_SELECTOR = YES;
				GCC_WARN_UNINITIALIZED_AUTOS = YES_AGGRESSIVE;
				GCC_WARN_UNUSED_FUNCTION = YES;
				GCC_WARN_UNUSED_VARIABLE = YES;
				IPHONEOS_DEPLOYMENT_TARGET = 10.3;
				MTL_ENABLE_DEBUG_INFO = NO;
				SDKROOT = iphoneos;
				SWIFT_OPTIMIZATION_LEVEL = "-Owholemodule";
				TARGETED_DEVICE_FAMILY = "1,2";
				VALIDATE_PRODUCT = YES;
			};
			name = Release;
		};
		A16665291EBADD67000F67DF /* Debug */ = {
			isa = XCBuildConfiguration;
			buildSettings = {
				ASSETCATALOG_COMPILER_APPICON_NAME = AppIcon;
				INFOPLIST_FILE = Test/Info.plist;
				LD_RUNPATH_SEARCH_PATHS = "$(inherited) @executable_path/Frameworks";
				PRODUCT_BUNDLE_IDENTIFIER = com.test.Test;
				PRODUCT_NAME = "$(TARGET_NAME)";
				SWIFT_VERSION = 3.0;
			};
			name = Debug;
		};
		A166652A1EBADD67000F67DF /* Release */ = {
			isa = XCBuildConfiguration;
			buildSettings = {
				ASSETCATALOG_COMPILER_APPICON_NAME = AppIcon;
				INFOPLIST_FILE = Test/Info.plist;
				LD_RUNPATH_SEARCH_PATHS = "$(inherited) @executable_path/Frameworks";
				PRODUCT_BUNDLE_IDENTIFIER = com.test.Test;
				PRODUCT_NAME = "$(TARGET_NAME)";
				SWIFT_VERSION = 3.0;
			};
			name = Release;
		};
		A166652C1EBADD67000F67DF /* Debug */ = {
			isa = XCBuildConfiguration;
			buildSettings = {
				ALWAYS_EMBED_SWIFT_STANDARD_LIBRARIES = YES;
				BUNDLE_LOADER = "$(TEST_HOST)";
				INFOPLIST_FILE = TestTests/Info.plist;
				LD_RUNPATH_SEARCH_PATHS = "$(inherited) @executable_path/Frameworks @loader_path/Frameworks";
				PRODUCT_BUNDLE_IDENTIFIER = com.test.TestTests;
				PRODUCT_NAME = "$(TARGET_NAME)";
				SWIFT_VERSION = 3.0;
				TEST_HOST = "$(BUILT_PRODUCTS_DIR)/Test.app/Test";
			};
			name = Debug;
		};
		A166652D1EBADD67000F67DF /* Release */ = {
			isa = XCBuildConfiguration;
			buildSettings = {
				ALWAYS_EMBED_SWIFT_STANDARD_LIBRARIES = YES;
				BUNDLE_LOADER = "$(TEST_HOST)";
				INFOPLIST_FILE = TestTests/Info.plist;
				LD_RUNPATH_SEARCH_PATHS = "$(inherited) @executable_path/Frameworks @loader_path/Frameworks";
				PRODUCT_BUNDLE_IDENTIFIER = com.test.TestTests;
				PRODUCT_NAME = "$(TARGET_NAME)";
				SWIFT_VERSION = 3.0;
				TEST_HOST = "$(BUILT_PRODUCTS_DIR)/Test.app/Test";
			};
			name = Release;
		};
		A166652F1EBADD67000F67DF /* Debug */ = {
			isa = XCBuildConfiguration;
			buildSettings = {
				ALWAYS_EMBED_SWIFT_STANDARD_LIBRARIES = YES;
				INFOPLIST_FILE = TestUITests/Info.plist;
				LD_RUNPATH_SEARCH_PATHS = "$(inherited) @executable_path/Frameworks @loader_path/Frameworks";
				PRODUCT_BUNDLE_IDENTIFIER = com.test.TestUITests;
				PRODUCT_NAME = "$(TARGET_NAME)";
				SWIFT_VERSION = 3.0;
				TEST_TARGET_NAME = Test;
			};
			name = Debug;
		};
		A16665301EBADD67000F67DF /* Release */ = {
			isa = XCBuildConfiguration;
			buildSettings = {
				ALWAYS_EMBED_SWIFT_STANDARD_LIBRARIES = YES;
				INFOPLIST_FILE = TestUITests/Info.plist;
				LD_RUNPATH_SEARCH_PATHS = "$(inherited) @executable_path/Frameworks @loader_path/Frameworks";
				PRODUCT_BUNDLE_IDENTIFIER = com.test.TestUITests;
				PRODUCT_NAME = "$(TARGET_NAME)";
				SWIFT_VERSION = 3.0;
				TEST_TARGET_NAME = Test;
			};
			name = Release;
		};
/* End XCBuildConfiguration section */

/* Begin XCConfigurationList section */
		A16664FB1EBADD64000F67DF /* Build configuration list for PBXProject "Test" */ = {
			isa = XCConfigurationList;
			buildConfigurations = (
				A16665261EBADD67000F67DF /* Debug */,
				A16665271EBADD67000F67DF /* Release */,
			);
			defaultConfigurationIsVisible = 0;
			defaultConfigurationName = Release;
		};
		A16665281EBADD67000F67DF /* Build configuration list for PBXNativeTarget "Test" */ = {
			isa = XCConfigurationList;
			buildConfigurations = (
				A16665291EBADD67000F67DF /* Debug */,
				A166652A1EBADD67000F67DF /* Release */,
			);
			defaultConfigurationIsVisible = 0;
		};
		A166652B1EBADD67000F67DF /* Build configuration list for PBXNativeTarget "TestTests" */ = {
			isa = XCConfigurationList;
			buildConfigurations = (
				A166652C1EBADD67000F67DF /* Debug */,
				A166652D1EBADD67000F67DF /* Release */,
			);
			defaultConfigurationIsVisible = 0;
		};
		A166652E1EBADD67000F67DF /* Build configuration list for PBXNativeTarget "TestUITests" */ = {
			isa = XCConfigurationList;
			buildConfigurations = (
				A166652F1EBADD67000F67DF /* Debug */,
				A16665301EBADD67000F67DF /* Release */,
			);
			defaultConfigurationIsVisible = 0;
		};
/* End XCConfigurationList section */
	};
	rootObject = A16664F81EBADD64000F67DF /* Project object */;
}
